
Microsoft Visual Studio Solution File, Format Version 12.00
# Visual Studio 15
VisualStudioVersion = 15.0.28010.2050
MinimumVisualStudioVersion = 10.0.40219.1
Project("{FAE04EC0-301F-11D3-BF4B-00C04F79EFBC}") = "test.Android", "test\test.Android\test.Android.csproj", "{76BC3B37-CCA3-446A-A3A5-106F4CAEE0D7}"
EndProject
Project("{FAE04EC0-301F-11D3-BF4B-00C04F79EFBC}") = "test.iOS", "test\test.iOS\test.iOS.csproj", "{1FD9EACB-DCE1-4B71-8258-032357CD6C13}"
EndProject
Project("{FAE04EC0-301F-11D3-BF4B-00C04F79EFBC}") = "test", "test\test\test.csproj", "{5AD4651C-A681-43D3-ACA5-F6936F8063BB}"
EndProject
Global
	GlobalSection(SolutionConfigurationPlatforms) = preSolution
		Ad-Hoc|Any CPU = Ad-Hoc|Any CPU
		Ad-Hoc|iPhone = Ad-Hoc|iPhone
		Ad-Hoc|iPhoneSimulator = Ad-Hoc|iPhoneSimulator
		AppStore|Any CPU = AppStore|Any CPU
		AppStore|iPhone = AppStore|iPhone
		AppStore|iPhoneSimulator = AppStore|iPhoneSimulator
		Debug|Any CPU = Debug|Any CPU
		Debug|iPhone = Debug|iPhone
		Debug|iPhoneSimulator = Debug|iPhoneSimulator
		Release|Any CPU = Release|Any CPU
		Release|iPhone = Release|iPhone
		Release|iPhoneSimulator = Release|iPhoneSimulator
	EndGlobalSection
	GlobalSection(ProjectConfigurationPlatforms) = postSolution
		{76BC3B37-CCA3-446A-A3A5-106F4CAEE0D7}.Ad-Hoc|Any CPU.ActiveCfg = Release|Any CPU
		{76BC3B37-CCA3-446A-A3A5-106F4CAEE0D7}.Ad-Hoc|Any CPU.Build.0 = Release|Any CPU
		{76BC3B37-CCA3-446A-A3A5-106F4CAEE0D7}.Ad-Hoc|Any CPU.Deploy.0 = Release|Any CPU
		{76BC3B37-CCA3-446A-A3A5-106F4CAEE0D7}.Ad-Hoc|iPhone.ActiveCfg = Release|Any CPU
		{76BC3B37-CCA3-446A-A3A5-106F4CAEE0D7}.Ad-Hoc|iPhone.Build.0 = Release|Any CPU
		{76BC3B37-CCA3-446A-A3A5-106F4CAEE0D7}.Ad-Hoc|iPhone.Deploy.0 = Release|Any CPU
		{76BC3B37-CCA3-446A-A3A5-106F4CAEE0D7}.Ad-Hoc|iPhoneSimulator.ActiveCfg = Release|Any CPU
		{76BC3B37-CCA3-446A-A3A5-106F4CAEE0D7}.Ad-Hoc|iPhoneSimulator.Build.0 = Release|Any CPU
		{76BC3B37-CCA3-446A-A3A5-106F4CAEE0D7}.Ad-Hoc|iPhoneSimulator.Deploy.0 = Release|Any CPU
		{76BC3B37-CCA3-446A-A3A5-106F4CAEE0D7}.AppStore|Any CPU.ActiveCfg = Release|Any CPU
		{76BC3B37-CCA3-446A-A3A5-106F4CAEE0D7}.AppStore|Any CPU.Build.0 = Release|Any CPU
		{76BC3B37-CCA3-446A-A3A5-106F4CAEE0D7}.AppStore|Any CPU.Deploy.0 = Release|Any CPU
		{76BC3B37-CCA3-446A-A3A5-106F4CAEE0D7}.AppStore|iPhone.ActiveCfg = Release|Any CPU
		{76BC3B37-CCA3-446A-A3A5-106F4CAEE0D7}.AppStore|iPhone.Build.0 = Release|Any CPU
		{76BC3B37-CCA3-446A-A3A5-106F4CAEE0D7}.AppStore|iPhone.Deploy.0 = Release|Any CPU
		{76BC3B37-CCA3-446A-A3A5-106F4CAEE0D7}.AppStore|iPhoneSimulator.ActiveCfg = Release|Any CPU
		{76BC3B37-CCA3-446A-A3A5-106F4CAEE0D7}.AppStore|iPhoneSimulator.Build.0 = Release|Any CPU
		{76BC3B37-CCA3-446A-A3A5-106F4CAEE0D7}.AppStore|iPhoneSimulator.Deploy.0 = Release|Any CPU
		{76BC3B37-CCA3-446A-A3A5-106F4CAEE0D7}.Debug|Any CPU.ActiveCfg = Debug|Any CPU
		{76BC3B37-CCA3-446A-A3A5-106F4CAEE0D7}.Debug|Any CPU.Build.0 = Debug|Any CPU
		{76BC3B37-CCA3-446A-A3A5-106F4CAEE0D7}.Debug|Any CPU.Deploy.0 = Debug|Any CPU
		{76BC3B37-CCA3-446A-A3A5-106F4CAEE0D7}.Debug|iPhone.ActiveCfg = Debug|Any CPU
		{76BC3B37-CCA3-446A-A3A5-106F4CAEE0D7}.Debug|iPhone.Build.0 = Debug|Any CPU
		{76BC3B37-CCA3-446A-A3A5-106F4CAEE0D7}.Debug|iPhone.Deploy.0 = Debug|Any CPU
		{76BC3B37-CCA3-446A-A3A5-106F4CAEE0D7}.Debug|iPhoneSimulator.ActiveCfg = Debug|Any CPU
		{76BC3B37-CCA3-446A-A3A5-106F4CAEE0D7}.Debug|iPhoneSimulator.Build.0 = Debug|Any CPU
		{76BC3B37-CCA3-446A-A3A5-106F4CAEE0D7}.Debug|iPhoneSimulator.Deploy.0 = Debug|Any CPU
		{76BC3B37-CCA3-446A-A3A5-106F4CAEE0D7}.Release|Any CPU.ActiveCfg = Release|Any CPU
		{76BC3B37-CCA3-446A-A3A5-106F4CAEE0D7}.Release|Any CPU.Build.0 = Release|Any CPU
		{76BC3B37-CCA3-446A-A3A5-106F4CAEE0D7}.Release|Any CPU.Deploy.0 = Release|Any CPU
		{76BC3B37-CCA3-446A-A3A5-106F4CAEE0D7}.Release|iPhone.ActiveCfg = Release|Any CPU
		{76BC3B37-CCA3-446A-A3A5-106F4CAEE0D7}.Release|iPhone.Build.0 = Release|Any CPU
		{76BC3B37-CCA3-446A-A3A5-106F4CAEE0D7}.Release|iPhone.Deploy.0 = Release|Any CPU
		{76BC3B37-CCA3-446A-A3A5-106F4CAEE0D7}.Release|iPhoneSimulator.ActiveCfg = Release|Any CPU
		{76BC3B37-CCA3-446A-A3A5-106F4CAEE0D7}.Release|iPhoneSimulator.Build.0 = Release|Any CPU
		{76BC3B37-CCA3-446A-A3A5-106F4CAEE0D7}.Release|iPhoneSimulator.Deploy.0 = Release|Any CPU
		{1FD9EACB-DCE1-4B71-8258-032357CD6C13}.Ad-Hoc|Any CPU.ActiveCfg = Ad-Hoc|iPhone
		{1FD9EACB-DCE1-4B71-8258-032357CD6C13}.Ad-Hoc|Any CPU.Build.0 = Ad-Hoc|iPhone
		{1FD9EACB-DCE1-4B71-8258-032357CD6C13}.Ad-Hoc|Any CPU.Deploy.0 = Ad-Hoc|iPhone
		{1FD9EACB-DCE1-4B71-8258-032357CD6C13}.Ad-Hoc|iPhone.ActiveCfg = Ad-Hoc|iPhone
		{1FD9EACB-DCE1-4B71-8258-032357CD6C13}.Ad-Hoc|iPhone.Build.0 = Ad-Hoc|iPhone
		{1FD9EACB-DCE1-4B71-8258-032357CD6C13}.Ad-Hoc|iPhone.Deploy.0 = Ad-Hoc|iPhone
		{1FD9EACB-DCE1-4B71-8258-032357CD6C13}.Ad-Hoc|iPhoneSimulator.ActiveCfg = Ad-Hoc|iPhoneSimulator
		{1FD9EACB-DCE1-4B71-8258-032357CD6C13}.Ad-Hoc|iPhoneSimulator.Build.0 = Ad-Hoc|iPhoneSimulator
		{1FD9EACB-DCE1-4B71-8258-032357CD6C13}.Ad-Hoc|iPhoneSimulator.Deploy.0 = Ad-Hoc|iPhoneSimulator
		{1FD9EACB-DCE1-4B71-8258-032357CD6C13}.AppStore|Any CPU.ActiveCfg = AppStore|iPhone
		{1FD9EACB-DCE1-4B71-8258-032357CD6C13}.AppStore|Any CPU.Build.0 = AppStore|iPhone
		{1FD9EACB-DCE1-4B71-8258-032357CD6C13}.AppStore|Any CPU.Deploy.0 = AppStore|iPhone
		{1FD9EACB-DCE1-4B71-8258-032357CD6C13}.AppStore|iPhone.ActiveCfg = AppStore|iPhone
		{1FD9EACB-DCE1-4B71-8258-032357CD6C13}.AppStore|iPhone.Build.0 = AppStore|iPhone
		{1FD9EACB-DCE1-4B71-8258-032357CD6C13}.AppStore|iPhone.Deploy.0 = AppStore|iPhone
		{1FD9EACB-DCE1-4B71-8258-032357CD6C13}.AppStore|iPhoneSimulator.ActiveCfg = AppStore|iPhoneSimulator
		{1FD9EACB-DCE1-4B71-8258-032357CD6C13}.AppStore|iPhoneSimulator.Build.0 = AppStore|iPhoneSimulator
		{1FD9EACB-DCE1-4B71-8258-032357CD6C13}.AppStore|iPhoneSimulator.Deploy.0 = AppStore|iPhoneSimulator
		{1FD9EACB-DCE1-4B71-8258-032357CD6C13}.Debug|Any CPU.ActiveCfg = Debug|iPhoneSimulator
		{1FD9EACB-DCE1-4B71-8258-032357CD6C13}.Debug|Any CPU.Build.0 = Debug|iPhoneSimulator
		{1FD9EACB-DCE1-4B71-8258-032357CD6C13}.Debug|Any CPU.Deploy.0 = Debug|iPhoneSimulator
		{1FD9EACB-DCE1-4B71-8258-032357CD6C13}.Debug|iPhone.ActiveCfg = Debug|iPhone
		{1FD9EACB-DCE1-4B71-8258-032357CD6C13}.Debug|iPhone.Build.0 = Debug|iPhone
		{1FD9EACB-DCE1-4B71-8258-032357CD6C13}.Debug|iPhone.Deploy.0 = Debug|iPhone
		{1FD9EACB-DCE1-4B71-8258-032357CD6C13}.Debug|iPhoneSimulator.ActiveCfg = Debug|iPhoneSimulator
		{1FD9EACB-DCE1-4B71-8258-032357CD6C13}.Debug|iPhoneSimulator.Build.0 = Debug|iPhoneSimulator
		{1FD9EACB-DCE1-4B71-8258-032357CD6C13}.Debug|iPhoneSimulator.Deploy.0 = Debug|iPhoneSimulator
		{1FD9EACB-DCE1-4B71-8258-032357CD6C13}.Release|Any CPU.ActiveCfg = Release|iPhone
		{1FD9EACB-DCE1-4B71-8258-032357CD6C13}.Release|Any CPU.Build.0 = Release|iPhone
		{1FD9EACB-DCE1-4B71-8258-032357CD6C13}.Release|Any CPU.Deploy.0 = Release|iPhone
		{1FD9EACB-DCE1-4B71-8258-032357CD6C13}.Release|iPhone.ActiveCfg = Release|iPhone
		{1FD9EACB-DCE1-4B71-8258-032357CD6C13}.Release|iPhone.Build.0 = Release|iPhone
		{1FD9EACB-DCE1-4B71-8258-032357CD6C13}.Release|iPhone.Deploy.0 = Release|iPhone
		{1FD9EACB-DCE1-4B71-8258-032357CD6C13}.Release|iPhoneSimulator.ActiveCfg = Release|iPhoneSimulator
		{1FD9EACB-DCE1-4B71-8258-032357CD6C13}.Release|iPhoneSimulator.Build.0 = Release|iPhoneSimulator
		{1FD9EACB-DCE1-4B71-8258-032357CD6C13}.Release|iPhoneSimulator.Deploy.0 = Release|iPhoneSimulator
		{5AD4651C-A681-43D3-ACA5-F6936F8063BB}.Ad-Hoc|Any CPU.ActiveCfg = Debug|Any CPU
		{5AD4651C-A681-43D3-ACA5-F6936F8063BB}.Ad-Hoc|Any CPU.Build.0 = Debug|Any CPU
		{5AD4651C-A681-43D3-ACA5-F6936F8063BB}.Ad-Hoc|Any CPU.Deploy.0 = Debug|Any CPU
		{5AD4651C-A681-43D3-ACA5-F6936F8063BB}.Ad-Hoc|iPhone.ActiveCfg = Debug|Any CPU
		{5AD4651C-A681-43D3-ACA5-F6936F8063BB}.Ad-Hoc|iPhone.Build.0 = Debug|Any CPU
		{5AD4651C-A681-43D3-ACA5-F6936F8063BB}.Ad-Hoc|iPhone.Deploy.0 = Debug|Any CPU
		{5AD4651C-A681-43D3-ACA5-F6936F8063BB}.Ad-Hoc|iPhoneSimulator.ActiveCfg = Debug|Any CPU
		{5AD4651C-A681-43D3-ACA5-F6936F8063BB}.Ad-Hoc|iPhoneSimulator.Build.0 = Debug|Any CPU
		{5AD4651C-A681-43D3-ACA5-F6936F8063BB}.Ad-Hoc|iPhoneSimulator.Deploy.0 = Debug|Any CPU
		{5AD4651C-A681-43D3-ACA5-F6936F8063BB}.AppStore|Any CPU.ActiveCfg = Debug|Any CPU
		{5AD4651C-A681-43D3-ACA5-F6936F8063BB}.AppStore|Any CPU.Build.0 = Debug|Any CPU
		{5AD4651C-A681-43D3-ACA5-F6936F8063BB}.AppStore|Any CPU.Deploy.0 = Debug|Any CPU
		{5AD4651C-A681-43D3-ACA5-F6936F8063BB}.AppStore|iPhone.ActiveCfg = Debug|Any CPU
		{5AD4651C-A681-43D3-ACA5-F6936F8063BB}.AppStore|iPhone.Build.0 = Debug|Any CPU
		{5AD4651C-A681-43D3-ACA5-F6936F8063BB}.AppStore|iPhone.Deploy.0 = Debug|Any CPU
		{5AD4651C-A681-43D3-ACA5-F6936F8063BB}.AppStore|iPhoneSimulator.ActiveCfg = Debug|Any CPU
		{5AD4651C-A681-43D3-ACA5-F6936F8063BB}.AppStore|iPhoneSimulator.Build.0 = Debug|Any CPU
		{5AD4651C-A681-43D3-ACA5-F6936F8063BB}.AppStore|iPhoneSimulator.Deploy.0 = Debug|Any CPU
		{5AD4651C-A681-43D3-ACA5-F6936F8063BB}.Debug|Any CPU.ActiveCfg = Debug|Any CPU
		{5AD4651C-A681-43D3-ACA5-F6936F8063BB}.Debug|Any CPU.Build.0 = Debug|Any CPU
		{5AD4651C-A681-43D3-ACA5-F6936F8063BB}.Debug|Any CPU.Deploy.0 = Debug|Any CPU
		{5AD4651C-A681-43D3-ACA5-F6936F8063BB}.Debug|iPhone.ActiveCfg = Debug|Any CPU
		{5AD4651C-A681-43D3-ACA5-F6936F8063BB}.Debug|iPhone.Build.0 = Debug|Any CPU
		{5AD4651C-A681-43D3-ACA5-F6936F8063BB}.Debug|iPhone.Deploy.0 = Debug|Any CPU
		{5AD4651C-A681-43D3-ACA5-F6936F8063BB}.Debug|iPhoneSimulator.ActiveCfg = Debug|Any CPU
		{5AD4651C-A681-43D3-ACA5-F6936F8063BB}.Debug|iPhoneSimulator.Build.0 = Debug|Any CPU
		{5AD4651C-A681-43D3-ACA5-F6936F8063BB}.Debug|iPhoneSimulator.Deploy.0 = Debug|Any CPU
		{5AD4651C-A681-43D3-ACA5-F6936F8063BB}.Release|Any CPU.ActiveCfg = Release|Any CPU
		{5AD4651C-A681-43D3-ACA5-F6936F8063BB}.Release|Any CPU.Build.0 = Release|Any CPU
		{5AD4651C-A681-43D3-ACA5-F6936F8063BB}.Release|Any CPU.Deploy.0 = Release|Any CPU
		{5AD4651C-A681-43D3-ACA5-F6936F8063BB}.Release|iPhone.ActiveCfg = Release|Any CPU
		{5AD4651C-A681-43D3-ACA5-F6936F8063BB}.Release|iPhone.Build.0 = Release|Any CPU
		{5AD4651C-A681-43D3-ACA5-F6936F8063BB}.Release|iPhone.Deploy.0 = Release|Any CPU
		{5AD4651C-A681-43D3-ACA5-F6936F8063BB}.Release|iPhoneSimulator.ActiveCfg = Release|Any CPU
		{5AD4651C-A681-43D3-ACA5-F6936F8063BB}.Release|iPhoneSimulator.Build.0 = Release|Any CPU
		{5AD4651C-A681-43D3-ACA5-F6936F8063BB}.Release|iPhoneSimulator.Deploy.0 = Release|Any CPU
	EndGlobalSection
	GlobalSection(SolutionProperties) = preSolution
		HideSolutionNode = FALSE
	EndGlobalSection
	GlobalSection(ExtensibilityGlobals) = postSolution
		SolutionGuid = {DAB27E89-1E35-45A2-80BD-F257B3DF78E2}
	EndGlobalSection
EndGlobal
